// !$*UTF8*$!
{
	archiveVersion = 1;
	classes = {
	};
	objectVersion = 56;
	objects = {

/* Begin PBXBuildFile section */
		94BCF0C529561BBD00122713 /* ContentView.swift in Sources */ = {isa = PBXBuildFile; fileRef = 94BCF0C429561BBD00122713 /* ContentView.swift */; };
		94BCF0C729561BBE00122713 /* Assets.xcassets in Resources */ = {isa = PBXBuildFile; fileRef = 94BCF0C629561BBE00122713 /* Assets.xcassets */; };
		94BCF0CB29561BBE00122713 /* Preview Assets.xcassets in Resources */ = {isa = PBXBuildFile; fileRef = 94BCF0CA29561BBE00122713 /* Preview Assets.xcassets */; };
		94BCF0D529561BBE00122713 /* final_projectTests.swift in Sources */ = {isa = PBXBuildFile; fileRef = 94BCF0D429561BBE00122713 /* final_projectTests.swift */; };
		94BCF0DF29561BBE00122713 /* final_projectUITests.swift in Sources */ = {isa = PBXBuildFile; fileRef = 94BCF0DE29561BBE00122713 /* final_projectUITests.swift */; };
		94BCF0E129561BBE00122713 /* final_projectUITestsLaunchTests.swift in Sources */ = {isa = PBXBuildFile; fileRef = 94BCF0E029561BBE00122713 /* final_projectUITestsLaunchTests.swift */; };
		94BCF0EE29561BE500122713 /* LoginView.swift in Sources */ = {isa = PBXBuildFile; fileRef = 94BCF0ED29561BE500122713 /* LoginView.swift */; };
		94BCF0F829563EEA00122713 /* Data.swift in Sources */ = {isa = PBXBuildFile; fileRef = 94BCF0F729563EEA00122713 /* Data.swift */; };
		94BCF0FA2956438000122713 /* MovieService.swift in Sources */ = {isa = PBXBuildFile; fileRef = 94BCF0F92956438000122713 /* MovieService.swift */; };
		94BCF0FC295646DC00122713 /* MovieStore.swift in Sources */ = {isa = PBXBuildFile; fileRef = 94BCF0FB295646DC00122713 /* MovieStore.swift */; };
		94BCF0FE2956478F00122713 /* Utils.swift in Sources */ = {isa = PBXBuildFile; fileRef = 94BCF0FD2956478F00122713 /* Utils.swift */; };
		94BCF100295A606E00122713 /* Stub.swift in Sources */ = {isa = PBXBuildFile; fileRef = 94BCF0FF295A606E00122713 /* Stub.swift */; };
		94BCF102295A626200122713 /* MovieBackdropCard.swift in Sources */ = {isa = PBXBuildFile; fileRef = 94BCF101295A626200122713 /* MovieBackdropCard.swift */; };
		94BCF104295A62BA00122713 /* ImageLoader.swift in Sources */ = {isa = PBXBuildFile; fileRef = 94BCF103295A62BA00122713 /* ImageLoader.swift */; };
		94BCF106295A678900122713 /* MovieBackdropCarouselView.swift in Sources */ = {isa = PBXBuildFile; fileRef = 94BCF105295A678900122713 /* MovieBackdropCarouselView.swift */; };
		94BCF108295A69B200122713 /* MoviePosterCard.swift in Sources */ = {isa = PBXBuildFile; fileRef = 94BCF107295A69B200122713 /* MoviePosterCard.swift */; };
		94BCF10A295A6B6700122713 /* MoviePosterCarouselView.swift in Sources */ = {isa = PBXBuildFile; fileRef = 94BCF109295A6B6700122713 /* MoviePosterCarouselView.swift */; };
		94BCF10C295A6CCC00122713 /* MovieListState.swift in Sources */ = {isa = PBXBuildFile; fileRef = 94BCF10B295A6CCC00122713 /* MovieListState.swift */; };
		94BCF10E295A6F4700122713 /* LoadingView.swift in Sources */ = {isa = PBXBuildFile; fileRef = 94BCF10D295A6F4700122713 /* LoadingView.swift */; };
		94BCF110295A70E900122713 /* ActivityIndicatorView.swift in Sources */ = {isa = PBXBuildFile; fileRef = 94BCF10F295A70E900122713 /* ActivityIndicatorView.swift */; };
		94BCF112295A71A100122713 /* MovieListView.swift in Sources */ = {isa = PBXBuildFile; fileRef = 94BCF111295A71A000122713 /* MovieListView.swift */; };
		94BCF114295A75FC00122713 /* AppDelegate.swift in Sources */ = {isa = PBXBuildFile; fileRef = 94BCF113295A75FC00122713 /* AppDelegate.swift */; };
		94BCF116295A77B600122713 /* MovieDetailState.swift in Sources */ = {isa = PBXBuildFile; fileRef = 94BCF115295A77B600122713 /* MovieDetailState.swift */; };
		94BCF118295A7A2400122713 /* MovieDetailView.swift in Sources */ = {isa = PBXBuildFile; fileRef = 94BCF117295A7A2400122713 /* MovieDetailView.swift */; };
		94BCF11A295A8C3900122713 /* SafariView.swift in Sources */ = {isa = PBXBuildFile; fileRef = 94BCF119295A8C3900122713 /* SafariView.swift */; };
		94BCF11C295ACBA200122713 /* MovieSearchView.swift in Sources */ = {isa = PBXBuildFile; fileRef = 94BCF11B295ACBA200122713 /* MovieSearchView.swift */; };
		94BCF11E295ACC2300122713 /* SearchBarView.swift in Sources */ = {isa = PBXBuildFile; fileRef = 94BCF11D295ACC2300122713 /* SearchBarView.swift */; };
		94BCF120295ACF0E00122713 /* MovieSearchState.swift in Sources */ = {isa = PBXBuildFile; fileRef = 94BCF11F295ACF0E00122713 /* MovieSearchState.swift */; };
		94BCF122295AE25C00122713 /* SceneDelegate.swift in Sources */ = {isa = PBXBuildFile; fileRef = 94BCF121295AE25C00122713 /* SceneDelegate.swift */; };
/* End PBXBuildFile section */

/* Begin PBXContainerItemProxy section */
		94BCF0D129561BBE00122713 /* PBXContainerItemProxy */ = {
			isa = PBXContainerItemProxy;
			containerPortal = 94BCF0B729561BBD00122713 /* Project object */;
			proxyType = 1;
			remoteGlobalIDString = 94BCF0BE29561BBD00122713;
			remoteInfo = "final project";
		};
		94BCF0DB29561BBE00122713 /* PBXContainerItemProxy */ = {
			isa = PBXContainerItemProxy;
			containerPortal = 94BCF0B729561BBD00122713 /* Project object */;
			proxyType = 1;
			remoteGlobalIDString = 94BCF0BE29561BBD00122713;
			remoteInfo = "final project";
		};
/* End PBXContainerItemProxy section */

/* Begin PBXFileReference section */
		94BCF0BF29561BBD00122713 /* final project.app */ = {isa = PBXFileReference; explicitFileType = wrapper.application; includeInIndex = 0; path = "final project.app"; sourceTree = BUILT_PRODUCTS_DIR; };
		94BCF0C429561BBD00122713 /* ContentView.swift */ = {isa = PBXFileReference; lastKnownFileType = sourcecode.swift; path = ContentView.swift; sourceTree = "<group>"; };
		94BCF0C629561BBE00122713 /* Assets.xcassets */ = {isa = PBXFileReference; lastKnownFileType = folder.assetcatalog; path = Assets.xcassets; sourceTree = "<group>"; };
		94BCF0C829561BBE00122713 /* final_project.entitlements */ = {isa = PBXFileReference; lastKnownFileType = text.plist.entitlements; path = final_project.entitlements; sourceTree = "<group>"; };
		94BCF0CA29561BBE00122713 /* Preview Assets.xcassets */ = {isa = PBXFileReference; lastKnownFileType = folder.assetcatalog; path = "Preview Assets.xcassets"; sourceTree = "<group>"; };
		94BCF0D029561BBE00122713 /* final projectTests.xctest */ = {isa = PBXFileReference; explicitFileType = wrapper.cfbundle; includeInIndex = 0; path = "final projectTests.xctest"; sourceTree = BUILT_PRODUCTS_DIR; };
		94BCF0D429561BBE00122713 /* final_projectTests.swift */ = {isa = PBXFileReference; lastKnownFileType = sourcecode.swift; path = final_projectTests.swift; sourceTree = "<group>"; };
		94BCF0DA29561BBE00122713 /* final projectUITests.xctest */ = {isa = PBXFileReference; explicitFileType = wrapper.cfbundle; includeInIndex = 0; path = "final projectUITests.xctest"; sourceTree = BUILT_PRODUCTS_DIR; };
		94BCF0DE29561BBE00122713 /* final_projectUITests.swift */ = {isa = PBXFileReference; lastKnownFileType = sourcecode.swift; path = final_projectUITests.swift; sourceTree = "<group>"; };
		94BCF0E029561BBE00122713 /* final_projectUITestsLaunchTests.swift */ = {isa = PBXFileReference; lastKnownFileType = sourcecode.swift; path = final_projectUITestsLaunchTests.swift; sourceTree = "<group>"; };
		94BCF0ED29561BE500122713 /* LoginView.swift */ = {isa = PBXFileReference; lastKnownFileType = sourcecode.swift; path = LoginView.swift; sourceTree = "<group>"; };
		94BCF0F729563EEA00122713 /* Data.swift */ = {isa = PBXFileReference; lastKnownFileType = sourcecode.swift; path = Data.swift; sourceTree = "<group>"; };
		94BCF0F92956438000122713 /* MovieService.swift */ = {isa = PBXFileReference; lastKnownFileType = sourcecode.swift; path = MovieService.swift; sourceTree = "<group>"; };
		94BCF0FB295646DC00122713 /* MovieStore.swift */ = {isa = PBXFileReference; lastKnownFileType = sourcecode.swift; path = MovieStore.swift; sourceTree = "<group>"; };
		94BCF0FD2956478F00122713 /* Utils.swift */ = {isa = PBXFileReference; lastKnownFileType = sourcecode.swift; path = Utils.swift; sourceTree = "<group>"; };
		94BCF0FF295A606E00122713 /* Stub.swift */ = {isa = PBXFileReference; lastKnownFileType = sourcecode.swift; path = Stub.swift; sourceTree = "<group>"; };
		94BCF101295A626200122713 /* MovieBackdropCard.swift */ = {isa = PBXFileReference; lastKnownFileType = sourcecode.swift; path = MovieBackdropCard.swift; sourceTree = "<group>"; };
		94BCF103295A62BA00122713 /* ImageLoader.swift */ = {isa = PBXFileReference; lastKnownFileType = sourcecode.swift; path = ImageLoader.swift; sourceTree = "<group>"; };
		94BCF105295A678900122713 /* MovieBackdropCarouselView.swift */ = {isa = PBXFileReference; lastKnownFileType = sourcecode.swift; path = MovieBackdropCarouselView.swift; sourceTree = "<group>"; };
		94BCF107295A69B200122713 /* MoviePosterCard.swift */ = {isa = PBXFileReference; lastKnownFileType = sourcecode.swift; path = MoviePosterCard.swift; sourceTree = "<group>"; };
		94BCF109295A6B6700122713 /* MoviePosterCarouselView.swift */ = {isa = PBXFileReference; lastKnownFileType = sourcecode.swift; path = MoviePosterCarouselView.swift; sourceTree = "<group>"; };
		94BCF10B295A6CCC00122713 /* MovieListState.swift */ = {isa = PBXFileReference; lastKnownFileType = sourcecode.swift; path = MovieListState.swift; sourceTree = "<group>"; };
		94BCF10D295A6F4700122713 /* LoadingView.swift */ = {isa = PBXFileReference; lastKnownFileType = sourcecode.swift; path = LoadingView.swift; sourceTree = "<group>"; };
		94BCF10F295A70E900122713 /* ActivityIndicatorView.swift */ = {isa = PBXFileReference; lastKnownFileType = sourcecode.swift; path = ActivityIndicatorView.swift; sourceTree = "<group>"; };
		94BCF111295A71A000122713 /* MovieListView.swift */ = {isa = PBXFileReference; lastKnownFileType = sourcecode.swift; path = MovieListView.swift; sourceTree = "<group>"; };
		94BCF113295A75FC00122713 /* AppDelegate.swift */ = {isa = PBXFileReference; lastKnownFileType = sourcecode.swift; path = AppDelegate.swift; sourceTree = "<group>"; };
		94BCF115295A77B600122713 /* MovieDetailState.swift */ = {isa = PBXFileReference; lastKnownFileType = sourcecode.swift; path = MovieDetailState.swift; sourceTree = "<group>"; };
		94BCF117295A7A2400122713 /* MovieDetailView.swift */ = {isa = PBXFileReference; lastKnownFileType = sourcecode.swift; path = MovieDetailView.swift; sourceTree = "<group>"; };
		94BCF119295A8C3900122713 /* SafariView.swift */ = {isa = PBXFileReference; lastKnownFileType = sourcecode.swift; path = SafariView.swift; sourceTree = "<group>"; };
		94BCF11B295ACBA200122713 /* MovieSearchView.swift */ = {isa = PBXFileReference; lastKnownFileType = sourcecode.swift; path = MovieSearchView.swift; sourceTree = "<group>"; };
		94BCF11D295ACC2300122713 /* SearchBarView.swift */ = {isa = PBXFileReference; lastKnownFileType = sourcecode.swift; path = SearchBarView.swift; sourceTree = "<group>"; };
		94BCF11F295ACF0E00122713 /* MovieSearchState.swift */ = {isa = PBXFileReference; lastKnownFileType = sourcecode.swift; path = MovieSearchState.swift; sourceTree = "<group>"; };
		94BCF121295AE25C00122713 /* SceneDelegate.swift */ = {isa = PBXFileReference; lastKnownFileType = sourcecode.swift; path = SceneDelegate.swift; sourceTree = "<group>"; };
/* End PBXFileReference section */

/* Begin PBXFrameworksBuildPhase section */
		94BCF0BC29561BBD00122713 /* Frameworks */ = {
			isa = PBXFrameworksBuildPhase;
			buildActionMask = 2147483647;
			files = (
			);
			runOnlyForDeploymentPostprocessing = 0;
		};
		94BCF0CD29561BBE00122713 /* Frameworks */ = {
			isa = PBXFrameworksBuildPhase;
			buildActionMask = 2147483647;
			files = (
			);
			runOnlyForDeploymentPostprocessing = 0;
		};
		94BCF0D729561BBE00122713 /* Frameworks */ = {
			isa = PBXFrameworksBuildPhase;
			buildActionMask = 2147483647;
			files = (
			);
			runOnlyForDeploymentPostprocessing = 0;
		};
/* End PBXFrameworksBuildPhase section */

/* Begin PBXGroup section */
		94BCF0B629561BBD00122713 = {
			isa = PBXGroup;
			children = (
				94BCF0C129561BBD00122713 /* final project */,
				94BCF0D329561BBE00122713 /* final projectTests */,
				94BCF0DD29561BBE00122713 /* final projectUITests */,
				94BCF0C029561BBD00122713 /* Products */,
			);
			sourceTree = "<group>";
		};
		94BCF0C029561BBD00122713 /* Products */ = {
			isa = PBXGroup;
			children = (
				94BCF0BF29561BBD00122713 /* final project.app */,
				94BCF0D029561BBE00122713 /* final projectTests.xctest */,
				94BCF0DA29561BBE00122713 /* final projectUITests.xctest */,
			);
			name = Products;
			sourceTree = "<group>";
		};
		94BCF0C129561BBD00122713 /* final project */ = {
			isa = PBXGroup;
			children = (
				94BCF113295A75FC00122713 /* AppDelegate.swift */,
				94BCF121295AE25C00122713 /* SceneDelegate.swift */,
				94BCF119295A8C3900122713 /* SafariView.swift */,
				94BCF11F295ACF0E00122713 /* MovieSearchState.swift */,
				94BCF11B295ACBA200122713 /* MovieSearchView.swift */,
				94BCF115295A77B600122713 /* MovieDetailState.swift */,
				94BCF11D295ACC2300122713 /* SearchBarView.swift */,
				94BCF117295A7A2400122713 /* MovieDetailView.swift */,
				94BCF111295A71A000122713 /* MovieListView.swift */,
				94BCF10B295A6CCC00122713 /* MovieListState.swift */,
				94BCF101295A626200122713 /* MovieBackdropCard.swift */,
				94BCF105295A678900122713 /* MovieBackdropCarouselView.swift */,
				94BCF10D295A6F4700122713 /* LoadingView.swift */,
				94BCF10F295A70E900122713 /* ActivityIndicatorView.swift */,
				94BCF107295A69B200122713 /* MoviePosterCard.swift */,
				94BCF109295A6B6700122713 /* MoviePosterCarouselView.swift */,
				94BCF103295A62BA00122713 /* ImageLoader.swift */,
				94BCF0F92956438000122713 /* MovieService.swift */,
				94BCF0FF295A606E00122713 /* Stub.swift */,
				94BCF0FB295646DC00122713 /* MovieStore.swift */,
				94BCF0FD2956478F00122713 /* Utils.swift */,
				94BCF0F729563EEA00122713 /* Data.swift */,
				94BCF0C429561BBD00122713 /* ContentView.swift */,
				94BCF0ED29561BE500122713 /* LoginView.swift */,
				94BCF0C629561BBE00122713 /* Assets.xcassets */,
				94BCF0C829561BBE00122713 /* final_project.entitlements */,
				94BCF0C929561BBE00122713 /* Preview Content */,
			);
			path = "final project";
			sourceTree = "<group>";
		};
		94BCF0C929561BBE00122713 /* Preview Content */ = {
			isa = PBXGroup;
			children = (
				94BCF0CA29561BBE00122713 /* Preview Assets.xcassets */,
			);
			path = "Preview Content";
			sourceTree = "<group>";
		};
		94BCF0D329561BBE00122713 /* final projectTests */ = {
			isa = PBXGroup;
			children = (
				94BCF0D429561BBE00122713 /* final_projectTests.swift */,
			);
			path = "final projectTests";
			sourceTree = "<group>";
		};
		94BCF0DD29561BBE00122713 /* final projectUITests */ = {
			isa = PBXGroup;
			children = (
				94BCF0DE29561BBE00122713 /* final_projectUITests.swift */,
				94BCF0E029561BBE00122713 /* final_projectUITestsLaunchTests.swift */,
			);
			path = "final projectUITests";
			sourceTree = "<group>";
		};
/* End PBXGroup section */

/* Begin PBXNativeTarget section */
		94BCF0BE29561BBD00122713 /* final project */ = {
			isa = PBXNativeTarget;
			buildConfigurationList = 94BCF0E429561BBE00122713 /* Build configuration list for PBXNativeTarget "final project" */;
			buildPhases = (
				94BCF0BB29561BBD00122713 /* Sources */,
				94BCF0BC29561BBD00122713 /* Frameworks */,
				94BCF0BD29561BBD00122713 /* Resources */,
			);
			buildRules = (
			);
			dependencies = (
			);
			name = "final project";
			productName = "final project";
			productReference = 94BCF0BF29561BBD00122713 /* final project.app */;
			productType = "com.apple.product-type.application";
		};
		94BCF0CF29561BBE00122713 /* final projectTests */ = {
			isa = PBXNativeTarget;
			buildConfigurationList = 94BCF0E729561BBE00122713 /* Build configuration list for PBXNativeTarget "final projectTests" */;
			buildPhases = (
				94BCF0CC29561BBE00122713 /* Sources */,
				94BCF0CD29561BBE00122713 /* Frameworks */,
				94BCF0CE29561BBE00122713 /* Resources */,
			);
			buildRules = (
			);
			dependencies = (
				94BCF0D229561BBE00122713 /* PBXTargetDependency */,
			);
			name = "final projectTests";
			productName = "final projectTests";
			productReference = 94BCF0D029561BBE00122713 /* final projectTests.xctest */;
			productType = "com.apple.product-type.bundle.unit-test";
		};
		94BCF0D929561BBE00122713 /* final projectUITests */ = {
			isa = PBXNativeTarget;
			buildConfigurationList = 94BCF0EA29561BBE00122713 /* Build configuration list for PBXNativeTarget "final projectUITests" */;
			buildPhases = (
				94BCF0D629561BBE00122713 /* Sources */,
				94BCF0D729561BBE00122713 /* Frameworks */,
				94BCF0D829561BBE00122713 /* Resources */,
			);
			buildRules = (
			);
			dependencies = (
				94BCF0DC29561BBE00122713 /* PBXTargetDependency */,
			);
			name = "final projectUITests";
			productName = "final projectUITests";
			productReference = 94BCF0DA29561BBE00122713 /* final projectUITests.xctest */;
			productType = "com.apple.product-type.bundle.ui-testing";
		};
/* End PBXNativeTarget section */

/* Begin PBXProject section */
		94BCF0B729561BBD00122713 /* Project object */ = {
			isa = PBXProject;
			attributes = {
				BuildIndependentTargetsInParallel = 1;
				LastSwiftUpdateCheck = 1420;
				LastUpgradeCheck = 1420;
				TargetAttributes = {
					94BCF0BE29561BBD00122713 = {
						CreatedOnToolsVersion = 14.2;
					};
					94BCF0CF29561BBE00122713 = {
						CreatedOnToolsVersion = 14.2;
						TestTargetID = 94BCF0BE29561BBD00122713;
					};
					94BCF0D929561BBE00122713 = {
						CreatedOnToolsVersion = 14.2;
						TestTargetID = 94BCF0BE29561BBD00122713;
					};
				};
			};
			buildConfigurationList = 94BCF0BA29561BBD00122713 /* Build configuration list for PBXProject "final project" */;
			compatibilityVersion = "Xcode 14.0";
			developmentRegion = en;
			hasScannedForEncodings = 0;
			knownRegions = (
				en,
				Base,
			);
			mainGroup = 94BCF0B629561BBD00122713;
			productRefGroup = 94BCF0C029561BBD00122713 /* Products */;
			projectDirPath = "";
			projectRoot = "";
			targets = (
				94BCF0BE29561BBD00122713 /* final project */,
				94BCF0CF29561BBE00122713 /* final projectTests */,
				94BCF0D929561BBE00122713 /* final projectUITests */,
			);
		};
/* End PBXProject section */

/* Begin PBXResourcesBuildPhase section */
		94BCF0BD29561BBD00122713 /* Resources */ = {
			isa = PBXResourcesBuildPhase;
			buildActionMask = 2147483647;
			files = (
				94BCF0CB29561BBE00122713 /* Preview Assets.xcassets in Resources */,
				94BCF0C729561BBE00122713 /* Assets.xcassets in Resources */,
			);
			runOnlyForDeploymentPostprocessing = 0;
		};
		94BCF0CE29561BBE00122713 /* Resources */ = {
			isa = PBXResourcesBuildPhase;
			buildActionMask = 2147483647;
			files = (
			);
			runOnlyForDeploymentPostprocessing = 0;
		};
		94BCF0D829561BBE00122713 /* Resources */ = {
			isa = PBXResourcesBuildPhase;
			buildActionMask = 2147483647;
			files = (
			);
			runOnlyForDeploymentPostprocessing = 0;
		};
/* End PBXResourcesBuildPhase section */

/* Begin PBXSourcesBuildPhase section */
		94BCF0BB29561BBD00122713 /* Sources */ = {
			isa = PBXSourcesBuildPhase;
			buildActionMask = 2147483647;
			files = (
				94BCF0FC295646DC00122713 /* MovieStore.swift in Sources */,
				94BCF108295A69B200122713 /* MoviePosterCard.swift in Sources */,
				94BCF114295A75FC00122713 /* AppDelegate.swift in Sources */,
				94BCF10C295A6CCC00122713 /* MovieListState.swift in Sources */,
				94BCF11E295ACC2300122713 /* SearchBarView.swift in Sources */,
				94BCF0F829563EEA00122713 /* Data.swift in Sources */,
				94BCF102295A626200122713 /* MovieBackdropCard.swift in Sources */,
				94BCF118295A7A2400122713 /* MovieDetailView.swift in Sources */,
				94BCF10E295A6F4700122713 /* LoadingView.swift in Sources */,
				94BCF0EE29561BE500122713 /* LoginView.swift in Sources */,
				94BCF0C529561BBD00122713 /* ContentView.swift in Sources */,
				94BCF106295A678900122713 /* MovieBackdropCarouselView.swift in Sources */,
				94BCF104295A62BA00122713 /* ImageLoader.swift in Sources */,
				94BCF11A295A8C3900122713 /* SafariView.swift in Sources */,
				94BCF11C295ACBA200122713 /* MovieSearchView.swift in Sources */,
				94BCF100295A606E00122713 /* Stub.swift in Sources */,
				94BCF112295A71A100122713 /* MovieListView.swift in Sources */,
				94BCF120295ACF0E00122713 /* MovieSearchState.swift in Sources */,
				94BCF116295A77B600122713 /* MovieDetailState.swift in Sources */,
				94BCF10A295A6B6700122713 /* MoviePosterCarouselView.swift in Sources */,
				94BCF0FA2956438000122713 /* MovieService.swift in Sources */,
				94BCF0FE2956478F00122713 /* Utils.swift in Sources */,
				94BCF110295A70E900122713 /* ActivityIndicatorView.swift in Sources */,
				94BCF122295AE25C00122713 /* SceneDelegate.swift in Sources */,
			);
			runOnlyForDeploymentPostprocessing = 0;
		};
		94BCF0CC29561BBE00122713 /* Sources */ = {
			isa = PBXSourcesBuildPhase;
			buildActionMask = 2147483647;
			files = (
				94BCF0D529561BBE00122713 /* final_projectTests.swift in Sources */,
			);
			runOnlyForDeploymentPostprocessing = 0;
		};
		94BCF0D629561BBE00122713 /* Sources */ = {
			isa = PBXSourcesBuildPhase;
			buildActionMask = 2147483647;
			files = (
				94BCF0DF29561BBE00122713 /* final_projectUITests.swift in Sources */,
				94BCF0E129561BBE00122713 /* final_projectUITestsLaunchTests.swift in Sources */,
			);
			runOnlyForDeploymentPostprocessing = 0;
		};
/* End PBXSourcesBuildPhase section */

/* Begin PBXTargetDependency section */
		94BCF0D229561BBE00122713 /* PBXTargetDependency */ = {
			isa = PBXTargetDependency;
			target = 94BCF0BE29561BBD00122713 /* final project */;
			targetProxy = 94BCF0D129561BBE00122713 /* PBXContainerItemProxy */;
		};
		94BCF0DC29561BBE00122713 /* PBXTargetDependency */ = {
			isa = PBXTargetDependency;
			target = 94BCF0BE29561BBD00122713 /* final project */;
			targetProxy = 94BCF0DB29561BBE00122713 /* PBXContainerItemProxy */;
		};
/* End PBXTargetDependency section */

/* Begin XCBuildConfiguration section */
		94BCF0E229561BBE00122713 /* Debug */ = {
			isa = XCBuildConfiguration;
			buildSettings = {
				ALWAYS_SEARCH_USER_PATHS = NO;
				CLANG_ANALYZER_NONNULL = YES;
				CLANG_ANALYZER_NUMBER_OBJECT_CONVERSION = YES_AGGRESSIVE;
				CLANG_CXX_LANGUAGE_STANDARD = "gnu++20";
				CLANG_ENABLE_MODULES = YES;
				CLANG_ENABLE_OBJC_ARC = YES;
				CLANG_ENABLE_OBJC_WEAK = YES;
				CLANG_WARN_BLOCK_CAPTURE_AUTORELEASING = YES;
				CLANG_WARN_BOOL_CONVERSION = YES;
				CLANG_WARN_COMMA = YES;
				CLANG_WARN_CONSTANT_CONVERSION = YES;
				CLANG_WARN_DEPRECATED_OBJC_IMPLEMENTATIONS = YES;
				CLANG_WARN_DIRECT_OBJC_ISA_USAGE = YES_ERROR;
				CLANG_WARN_DOCUMENTATION_COMMENTS = YES;
				CLANG_WARN_EMPTY_BODY = YES;
				CLANG_WARN_ENUM_CONVERSION = YES;
				CLANG_WARN_INFINITE_RECURSION = YES;
				CLANG_WARN_INT_CONVERSION = YES;
				CLANG_WARN_NON_LITERAL_NULL_CONVERSION = YES;
				CLANG_WARN_OBJC_IMPLICIT_RETAIN_SELF = YES;
				CLANG_WARN_OBJC_LITERAL_CONVERSION = YES;
				CLANG_WARN_OBJC_ROOT_CLASS = YES_ERROR;
				CLANG_WARN_QUOTED_INCLUDE_IN_FRAMEWORK_HEADER = YES;
				CLANG_WARN_RANGE_LOOP_ANALYSIS = YES;
				CLANG_WARN_STRICT_PROTOTYPES = YES;
				CLANG_WARN_SUSPICIOUS_MOVE = YES;
				CLANG_WARN_UNGUARDED_AVAILABILITY = YES_AGGRESSIVE;
				CLANG_WARN_UNREACHABLE_CODE = YES;
				CLANG_WARN__DUPLICATE_METHOD_MATCH = YES;
				COPY_PHASE_STRIP = NO;
				DEBUG_INFORMATION_FORMAT = dwarf;
				ENABLE_STRICT_OBJC_MSGSEND = YES;
				ENABLE_TESTABILITY = YES;
				GCC_C_LANGUAGE_STANDARD = gnu11;
				GCC_DYNAMIC_NO_PIC = NO;
				GCC_NO_COMMON_BLOCKS = YES;
				GCC_OPTIMIZATION_LEVEL = 0;
				GCC_PREPROCESSOR_DEFINITIONS = (
					"DEBUG=1",
					"$(inherited)",
				);
				GCC_WARN_64_TO_32_BIT_CONVERSION = YES;
				GCC_WARN_ABOUT_RETURN_TYPE = YES_ERROR;
				GCC_WARN_UNDECLARED_SELECTOR = YES;
				GCC_WARN_UNINITIALIZED_AUTOS = YES_AGGRESSIVE;
				GCC_WARN_UNUSED_FUNCTION = YES;
				GCC_WARN_UNUSED_VARIABLE = YES;
				MTL_ENABLE_DEBUG_INFO = INCLUDE_SOURCE;
				MTL_FAST_MATH = YES;
				ONLY_ACTIVE_ARCH = YES;
				SWIFT_ACTIVE_COMPILATION_CONDITIONS = DEBUG;
				SWIFT_OPTIMIZATION_LEVEL = "-Onone";
			};
			name = Debug;
		};
		94BCF0E329561BBE00122713 /* Release */ = {
			isa = XCBuildConfiguration;
			buildSettings = {
				ALWAYS_SEARCH_USER_PATHS = NO;
				CLANG_ANALYZER_NONNULL = YES;
				CLANG_ANALYZER_NUMBER_OBJECT_CONVERSION = YES_AGGRESSIVE;
				CLANG_CXX_LANGUAGE_STANDARD = "gnu++20";
				CLANG_ENABLE_MODULES = YES;
				CLANG_ENABLE_OBJC_ARC = YES;
				CLANG_ENABLE_OBJC_WEAK = YES;
				CLANG_WARN_BLOCK_CAPTURE_AUTORELEASING = YES;
				CLANG_WARN_BOOL_CONVERSION = YES;
				CLANG_WARN_COMMA = YES;
				CLANG_WARN_CONSTANT_CONVERSION = YES;
				CLANG_WARN_DEPRECATED_OBJC_IMPLEMENTATIONS = YES;
				CLANG_WARN_DIRECT_OBJC_ISA_USAGE = YES_ERROR;
				CLANG_WARN_DOCUMENTATION_COMMENTS = YES;
				CLANG_WARN_EMPTY_BODY = YES;
				CLANG_WARN_ENUM_CONVERSION = YES;
				CLANG_WARN_INFINITE_RECURSION = YES;
				CLANG_WARN_INT_CONVERSION = YES;
				CLANG_WARN_NON_LITERAL_NULL_CONVERSION = YES;
				CLANG_WARN_OBJC_IMPLICIT_RETAIN_SELF = YES;
				CLANG_WARN_OBJC_LITERAL_CONVERSION = YES;
				CLANG_WARN_OBJC_ROOT_CLASS = YES_ERROR;
				CLANG_WARN_QUOTED_INCLUDE_IN_FRAMEWORK_HEADER = YES;
				CLANG_WARN_RANGE_LOOP_ANALYSIS = YES;
				CLANG_WARN_STRICT_PROTOTYPES = YES;
				CLANG_WARN_SUSPICIOUS_MOVE = YES;
				CLANG_WARN_UNGUARDED_AVAILABILITY = YES_AGGRESSIVE;
				CLANG_WARN_UNREACHABLE_CODE = YES;
				CLANG_WARN__DUPLICATE_METHOD_MATCH = YES;
				COPY_PHASE_STRIP = NO;
				DEBUG_INFORMATION_FORMAT = "dwarf-with-dsym";
				ENABLE_NS_ASSERTIONS = NO;
				ENABLE_STRICT_OBJC_MSGSEND = YES;
				GCC_C_LANGUAGE_STANDARD = gnu11;
				GCC_NO_COMMON_BLOCKS = YES;
				GCC_WARN_64_TO_32_BIT_CONVERSION = YES;
				GCC_WARN_ABOUT_RETURN_TYPE = YES_ERROR;
				GCC_WARN_UNDECLARED_SELECTOR = YES;
				GCC_WARN_UNINITIALIZED_AUTOS = YES_AGGRESSIVE;
				GCC_WARN_UNUSED_FUNCTION = YES;
				GCC_WARN_UNUSED_VARIABLE = YES;
				MTL_ENABLE_DEBUG_INFO = NO;
				MTL_FAST_MATH = YES;
				SWIFT_COMPILATION_MODE = wholemodule;
				SWIFT_OPTIMIZATION_LEVEL = "-O";
			};
			name = Release;
		};
		94BCF0E529561BBE00122713 /* Debug */ = {
			isa = XCBuildConfiguration;
			buildSettings = {
				ASSETCATALOG_COMPILER_APPICON_NAME = AppIcon;
				ASSETCATALOG_COMPILER_GLOBAL_ACCENT_COLOR_NAME = AccentColor;
				CODE_SIGN_ENTITLEMENTS = "final project/final_project.entitlements";
				CODE_SIGN_STYLE = Automatic;
				CURRENT_PROJECT_VERSION = 1;
				DEVELOPMENT_ASSET_PATHS = "\"final project/Preview Content\"";
				ENABLE_PREVIEWS = YES;
				GENERATE_INFOPLIST_FILE = YES;
				"INFOPLIST_KEY_UIApplicationSceneManifest_Generation[sdk=iphoneos*]" = YES;
				"INFOPLIST_KEY_UIApplicationSceneManifest_Generation[sdk=iphonesimulator*]" = YES;
				"INFOPLIST_KEY_UIApplicationSupportsIndirectInputEvents[sdk=iphoneos*]" = YES;
				"INFOPLIST_KEY_UIApplicationSupportsIndirectInputEvents[sdk=iphonesimulator*]" = YES;
				"INFOPLIST_KEY_UILaunchScreen_Generation[sdk=iphoneos*]" = YES;
				"INFOPLIST_KEY_UILaunchScreen_Generation[sdk=iphonesimulator*]" = YES;
				"INFOPLIST_KEY_UIStatusBarStyle[sdk=iphoneos*]" = UIStatusBarStyleDefault;
				"INFOPLIST_KEY_UIStatusBarStyle[sdk=iphonesimulator*]" = UIStatusBarStyleDefault;
				INFOPLIST_KEY_UISupportedInterfaceOrientations_iPad = "UIInterfaceOrientationPortrait UIInterfaceOrientationPortraitUpsideDown UIInterfaceOrientationLandscapeLeft UIInterfaceOrientationLandscapeRight";
				INFOPLIST_KEY_UISupportedInterfaceOrientations_iPhone = "UIInterfaceOrientationPortrait UIInterfaceOrientationLandscapeLeft UIInterfaceOrientationLandscapeRight";
				IPHONEOS_DEPLOYMENT_TARGET = 16.2;
				LD_RUNPATH_SEARCH_PATHS = "@executable_path/Frameworks";
				"LD_RUNPATH_SEARCH_PATHS[sdk=macosx*]" = "@executable_path/../Frameworks";
				MACOSX_DEPLOYMENT_TARGET = 12.5;
				MARKETING_VERSION = 1.0;
				PRODUCT_BUNDLE_IDENTIFIER = "final-project.final-project";
				PRODUCT_NAME = "$(TARGET_NAME)";
				SDKROOT = auto;
				SUPPORTED_PLATFORMS = "iphoneos iphonesimulator macosx";
				SWIFT_EMIT_LOC_STRINGS = YES;
				SWIFT_VERSION = 5.0;
				TARGETED_DEVICE_FAMILY = "1,2";
			};
			name = Debug;
		};
		94BCF0E629561BBE00122713 /* Release */ = {
			isa = XCBuildConfiguration;
			buildSettings = {
				ASSETCATALOG_COMPILER_APPICON_NAME = AppIcon;
				ASSETCATALOG_COMPILER_GLOBAL_ACCENT_COLOR_NAME = AccentColor;
				CODE_SIGN_ENTITLEMENTS = "final project/final_project.entitlements";
				CODE_SIGN_STYLE = Automatic;
				CURRENT_PROJECT_VERSION = 1;
				DEVELOPMENT_ASSET_PATHS = "\"final project/Preview Content\"";
				ENABLE_PREVIEWS = YES;
				GENERATE_INFOPLIST_FILE = YES;
				"INFOPLIST_KEY_UIApplicationSceneManifest_Generation[sdk=iphoneos*]" = YES;
				"INFOPLIST_KEY_UIApplicationSceneManifest_Generation[sdk=iphonesimulator*]" = YES;
				"INFOPLIST_KEY_UIApplicationSupportsIndirectInputEvents[sdk=iphoneos*]" = YES;
				"INFOPLIST_KEY_UIApplicationSupportsIndirectInputEvents[sdk=iphonesimulator*]" = YES;
				"INFOPLIST_KEY_UILaunchScreen_Generation[sdk=iphoneos*]" = YES;
				"INFOPLIST_KEY_UILaunchScreen_Generation[sdk=iphonesimulator*]" = YES;
				"INFOPLIST_KEY_UIStatusBarStyle[sdk=iphoneos*]" = UIStatusBarStyleDefault;
				"INFOPLIST_KEY_UIStatusBarStyle[sdk=iphonesimulator*]" = UIStatusBarStyleDefault;
				INFOPLIST_KEY_UISupportedInterfaceOrientations_iPad = "UIInterfaceOrientationPortrait UIInterfaceOrientationPortraitUpsideDown UIInterfaceOrientationLandscapeLeft UIInterfaceOrientationLandscapeRight";
				INFOPLIST_KEY_UISupportedInterfaceOrientations_iPhone = "UIInterfaceOrientationPortrait UIInterfaceOrientationLandscapeLeft UIInterfaceOrientationLandscapeRight";
				IPHONEOS_DEPLOYMENT_TARGET = 16.2;
				LD_RUNPATH_SEARCH_PATHS = "@executable_path/Frameworks";
				"LD_RUNPATH_SEARCH_PATHS[sdk=macosx*]" = "@executable_path/../Frameworks";
				MACOSX_DEPLOYMENT_TARGET = 12.5;
				MARKETING_VERSION = 1.0;
				PRODUCT_BUNDLE_IDENTIFIER = "final-project.final-project";
				PRODUCT_NAME = "$(TARGET_NAME)";
				SDKROOT = auto;
				SUPPORTED_PLATFORMS = "iphoneos iphonesimulator macosx";
				SWIFT_EMIT_LOC_STRINGS = YES;
				SWIFT_VERSION = 5.0;
				TARGETED_DEVICE_FAMILY = "1,2";
			};
			name = Release;
		};
		94BCF0E829561BBE00122713 /* Debug */ = {
			isa = XCBuildConfiguration;
			buildSettings = {
				ALWAYS_EMBED_SWIFT_STANDARD_LIBRARIES = YES;
				BUNDLE_LOADER = "$(TEST_HOST)";
				CODE_SIGN_STYLE = Automatic;
				CURRENT_PROJECT_VERSION = 1;
				GENERATE_INFOPLIST_FILE = YES;
				IPHONEOS_DEPLOYMENT_TARGET = 16.2;
				MACOSX_DEPLOYMENT_TARGET = 12.5;
				MARKETING_VERSION = 1.0;
				PRODUCT_BUNDLE_IDENTIFIER = "final-project.final-projectTests";
				PRODUCT_NAME = "$(TARGET_NAME)";
				SDKROOT = auto;
				SUPPORTED_PLATFORMS = "iphoneos iphonesimulator macosx";
				SWIFT_EMIT_LOC_STRINGS = NO;
				SWIFT_VERSION = 5.0;
				TARGETED_DEVICE_FAMILY = "1,2";
				TEST_HOST = "$(BUILT_PRODUCTS_DIR)/final project.app/$(BUNDLE_EXECUTABLE_FOLDER_PATH)/final project";
			};
			name = Debug;
		};
		94BCF0E929561BBE00122713 /* Release */ = {
			isa = XCBuildConfiguration;
			buildSettings = {
				ALWAYS_EMBED_SWIFT_STANDARD_LIBRARIES = YES;
				BUNDLE_LOADER = "$(TEST_HOST)";
				CODE_SIGN_STYLE = Automatic;
				CURRENT_PROJECT_VERSION = 1;
				GENERATE_INFOPLIST_FILE = YES;
				IPHONEOS_DEPLOYMENT_TARGET = 16.2;
				MACOSX_DEPLOYMENT_TARGET = 12.5;
				MARKETING_VERSION = 1.0;
				PRODUCT_BUNDLE_IDENTIFIER = "final-project.final-projectTests";
				PRODUCT_NAME = "$(TARGET_NAME)";
				SDKROOT = auto;
				SUPPORTED_PLATFORMS = "iphoneos iphonesimulator macosx";
				SWIFT_EMIT_LOC_STRINGS = NO;
				SWIFT_VERSION = 5.0;
				TARGETED_DEVICE_FAMILY = "1,2";
				TEST_HOST = "$(BUILT_PRODUCTS_DIR)/final project.app/$(BUNDLE_EXECUTABLE_FOLDER_PATH)/final project";
			};
			name = Release;
		};
		94BCF0EB29561BBE00122713 /* Debug */ = {
			isa = XCBuildConfiguration;
			buildSettings = {
				ALWAYS_EMBED_SWIFT_STANDARD_LIBRARIES = YES;
				CODE_SIGN_STYLE = Automatic;
				CURRENT_PROJECT_VERSION = 1;
				GENERATE_INFOPLIST_FILE = YES;
				IPHONEOS_DEPLOYMENT_TARGET = 16.2;
				MACOSX_DEPLOYMENT_TARGET = 12.5;
				MARKETING_VERSION = 1.0;
				PRODUCT_BUNDLE_IDENTIFIER = "final-project.final-projectUITests";
				PRODUCT_NAME = "$(TARGET_NAME)";
				SDKROOT = auto;
				SUPPORTED_PLATFORMS = "iphoneos iphonesimulator macosx";
				SWIFT_EMIT_LOC_STRINGS = NO;
				SWIFT_VERSION = 5.0;
				TARGETED_DEVICE_FAMILY = "1,2";
				TEST_TARGET_NAME = "final project";
			};
			name = Debug;
		};
		94BCF0EC29561BBE00122713 /* Release */ = {
			isa = XCBuildConfiguration;
			buildSettings = {
				ALWAYS_EMBED_SWIFT_STANDARD_LIBRARIES = YES;
				CODE_SIGN_STYLE = Automatic;
				CURRENT_PROJECT_VERSION = 1;
				GENERATE_INFOPLIST_FILE = YES;
				IPHONEOS_DEPLOYMENT_TARGET = 16.2;
				MACOSX_DEPLOYMENT_TARGET = 12.5;
				MARKETING_VERSION = 1.0;
				PRODUCT_BUNDLE_IDENTIFIER = "final-project.final-projectUITests";
				PRODUCT_NAME = "$(TARGET_NAME)";
				SDKROOT = auto;
				SUPPORTED_PLATFORMS = "iphoneos iphonesimulator macosx";
				SWIFT_EMIT_LOC_STRINGS = NO;
				SWIFT_VERSION = 5.0;
				TARGETED_DEVICE_FAMILY = "1,2";
				TEST_TARGET_NAME = "final project";
			};
			name = Release;
		};
/* End XCBuildConfiguration section */

/* Begin XCConfigurationList section */
		94BCF0BA29561BBD00122713 /* Build configuration list for PBXProject "final project" */ = {
			isa = XCConfigurationList;
			buildConfigurations = (
				94BCF0E229561BBE00122713 /* Debug */,
				94BCF0E329561BBE00122713 /* Release */,
			);
			defaultConfigurationIsVisible = 0;
			defaultConfigurationName = Release;
		};
		94BCF0E429561BBE00122713 /* Build configuration list for PBXNativeTarget "final project" */ = {
			isa = XCConfigurationList;
			buildConfigurations = (
				94BCF0E529561BBE00122713 /* Debug */,
				94BCF0E629561BBE00122713 /* Release */,
			);
			defaultConfigurationIsVisible = 0;
			defaultConfigurationName = Release;
		};
		94BCF0E729561BBE00122713 /* Build configuration list for PBXNativeTarget "final projectTests" */ = {
			isa = XCConfigurationList;
			buildConfigurations = (
				94BCF0E829561BBE00122713 /* Debug */,
				94BCF0E929561BBE00122713 /* Release */,
			);
			defaultConfigurationIsVisible = 0;
			defaultConfigurationName = Release;
		};
		94BCF0EA29561BBE00122713 /* Build configuration list for PBXNativeTarget "final projectUITests" */ = {
			isa = XCConfigurationList;
			buildConfigurations = (
				94BCF0EB29561BBE00122713 /* Debug */,
				94BCF0EC29561BBE00122713 /* Release */,
			);
			defaultConfigurationIsVisible = 0;
			defaultConfigurationName = Release;
		};
/* End XCConfigurationList section */
	};
	rootObject = 94BCF0B729561BBD00122713 /* Project object */;
}
